// !$*UTF8*$!
{
	archiveVersion = 1;
	classes = {
	};
	objectVersion = 50;
	objects = {

/* Begin PBXBuildFile section */
		ACE1DC11234C3867009C1058 /* AppDelegate.swift in Sources */ = {isa = PBXBuildFile; fileRef = ACE1DC10234C3867009C1058 /* AppDelegate.swift */; };
		ACE1DC13234C3867009C1058 /* SceneDelegate.swift in Sources */ = {isa = PBXBuildFile; fileRef = ACE1DC12234C3867009C1058 /* SceneDelegate.swift */; };
		ACE1DC15234C3867009C1058 /* ViewController.swift in Sources */ = {isa = PBXBuildFile; fileRef = ACE1DC14234C3867009C1058 /* ViewController.swift */; };
		ACE1DC18234C3867009C1058 /* Main.storyboard in Resources */ = {isa = PBXBuildFile; fileRef = ACE1DC16234C3867009C1058 /* Main.storyboard */; };
		ACE1DC1A234C3869009C1058 /* Assets.xcassets in Resources */ = {isa = PBXBuildFile; fileRef = ACE1DC19234C3869009C1058 /* Assets.xcassets */; };
		ACE1DC1D234C3869009C1058 /* LaunchScreen.storyboard in Resources */ = {isa = PBXBuildFile; fileRef = ACE1DC1B234C3869009C1058 /* LaunchScreen.storyboard */; };
		ACE1DC26234C3B12009C1058 /* MapKit.framework in Frameworks */ = {isa = PBXBuildFile; fileRef = ACE1DC25234C3B12009C1058 /* MapKit.framework */; };
/* End PBXBuildFile section */

/* Begin PBXFileReference section */
		ACE1DC0D234C3867009C1058 /* Map View App.app */ = {isa = PBXFileReference; explicitFileType = wrapper.application; includeInIndex = 0; path = "Map View App.app"; sourceTree = BUILT_PRODUCTS_DIR; };
		ACE1DC10234C3867009C1058 /* AppDelegate.swift */ = {isa = PBXFileReference; lastKnownFileType = sourcecode.swift; path = AppDelegate.swift; sourceTree = "<group>"; };
		ACE1DC12234C3867009C1058 /* SceneDelegate.swift */ = {isa = PBXFileReference; lastKnownFileType = sourcecode.swift; path = SceneDelegate.swift; sourceTree = "<group>"; };
		ACE1DC14234C3867009C1058 /* ViewController.swift */ = {isa = PBXFileReference; lastKnownFileType = sourcecode.swift; path = ViewController.swift; sourceTree = "<group>"; };
		ACE1DC17234C3867009C1058 /* Base */ = {isa = PBXFileReference; lastKnownFileType = file.storyboard; name = Base; path = Base.lproj/Main.storyboard; sourceTree = "<group>"; };
		ACE1DC19234C3869009C1058 /* Assets.xcassets */ = {isa = PBXFileReference; lastKnownFileType = folder.assetcatalog; path = Assets.xcassets; sourceTree = "<group>"; };
		ACE1DC1C234C3869009C1058 /* Base */ = {isa = PBXFileReference; lastKnownFileType = file.storyboard; name = Base; path = Base.lproj/LaunchScreen.storyboard; sourceTree = "<group>"; };
		ACE1DC1E234C3869009C1058 /* Info.plist */ = {isa = PBXFileReference; lastKnownFileType = text.plist.xml; path = Info.plist; sourceTree = "<group>"; };
		ACE1DC25234C3B12009C1058 /* MapKit.framework */ = {isa = PBXFileReference; lastKnownFileType = wrapper.framework; name = MapKit.framework; path = System/Library/Frameworks/MapKit.framework; sourceTree = SDKROOT; };
/* End PBXFileReference section */

/* Begin PBXFrameworksBuildPhase section */
		ACE1DC0A234C3867009C1058 /* Frameworks */ = {
			isa = PBXFrameworksBuildPhase;
			buildActionMask = 2147483647;
			files = (
				ACE1DC26234C3B12009C1058 /* MapKit.framework in Frameworks */,
			);
			runOnlyForDeploymentPostprocessing = 0;
		};
/* End PBXFrameworksBuildPhase section */

/* Begin PBXGroup section */
		ACE1DC04234C3867009C1058 = {
			isa = PBXGroup;
			children = (
				ACE1DC0F234C3867009C1058 /* Mao View App */,
				ACE1DC0E234C3867009C1058 /* Products */,
				ACE1DC24234C3B12009C1058 /* Frameworks */,
			);
			sourceTree = "<group>";
		};
		ACE1DC0E234C3867009C1058 /* Products */ = {
			isa = PBXGroup;
			children = (
				ACE1DC0D234C3867009C1058 /* Map View App.app */,
			);
			name = Products;
			sourceTree = "<group>";
		};
		ACE1DC0F234C3867009C1058 /* Mao View App */ = {
			isa = PBXGroup;
			children = (
				ACE1DC10234C3867009C1058 /* AppDelegate.swift */,
				ACE1DC12234C3867009C1058 /* SceneDelegate.swift */,
				ACE1DC14234C3867009C1058 /* ViewController.swift */,
				ACE1DC16234C3867009C1058 /* Main.storyboard */,
				ACE1DC19234C3869009C1058 /* Assets.xcassets */,
				ACE1DC1B234C3869009C1058 /* LaunchScreen.storyboard */,
				ACE1DC1E234C3869009C1058 /* Info.plist */,
			);
			path = "Mao View App";
			sourceTree = "<group>";
		};
		ACE1DC24234C3B12009C1058 /* Frameworks */ = {
			isa = PBXGroup;
			children = (
				ACE1DC25234C3B12009C1058 /* MapKit.framework */,
			);
			name = Frameworks;
			sourceTree = "<group>";
		};
/* End PBXGroup section */

/* Begin PBXNativeTarget section */
		ACE1DC0C234C3867009C1058 /* Mao View App */ = {
			isa = PBXNativeTarget;
			buildConfigurationList = ACE1DC21234C3869009C1058 /* Build configuration list for PBXNativeTarget "Mao View App" */;
			buildPhases = (
				ACE1DC09234C3867009C1058 /* Sources */,
				ACE1DC0A234C3867009C1058 /* Frameworks */,
				ACE1DC0B234C3867009C1058 /* Resources */,
			);
			buildRules = (
			);
			dependencies = (
			);
			name = "Mao View App";
			productName = "Mao View App";
			productReference = ACE1DC0D234C3867009C1058 /* Map View App.app */;
			productType = "com.apple.product-type.application";
		};
/* End PBXNativeTarget section */

/* Begin PBXProject section */
		ACE1DC05234C3867009C1058 /* Project object */ = {
			isa = PBXProject;
			attributes = {
				LastSwiftUpdateCheck = 1100;
				LastUpgradeCheck = 1100;
				ORGANIZATIONNAME = "Digital Mirko";
				TargetAttributes = {
					ACE1DC0C234C3867009C1058 = {
						CreatedOnToolsVersion = 11.0;
					};
				};
			};
			buildConfigurationList = ACE1DC08234C3867009C1058 /* Build configuration list for PBXProject "Mao View App" */;
			compatibilityVersion = "Xcode 9.3";
			developmentRegion = en;
			hasScannedForEncodings = 0;
			knownRegions = (
				en,
				Base,
			);
			mainGroup = ACE1DC04234C3867009C1058;
			productRefGroup = ACE1DC0E234C3867009C1058 /* Products */;
			projectDirPath = "";
			projectRoot = "";
			targets = (
				ACE1DC0C234C3867009C1058 /* Mao View App */,
			);
		};
/* End PBXProject section */

/* Begin PBXResourcesBuildPhase section */
		ACE1DC0B234C3867009C1058 /* Resources */ = {
			isa = PBXResourcesBuildPhase;
			buildActionMask = 2147483647;
			files = (
				ACE1DC1D234C3869009C1058 /* LaunchScreen.storyboard in Resources */,
				ACE1DC1A234C3869009C1058 /* Assets.xcassets in Resources */,
				ACE1DC18234C3867009C1058 /* Main.storyboard in Resources */,
			);
			runOnlyForDeploymentPostprocessing = 0;
		};
/* End PBXResourcesBuildPhase section */

/* Begin PBXSourcesBuildPhase section */
		ACE1DC09234C3867009C1058 /* Sources */ = {
			isa = PBXSourcesBuildPhase;
			buildActionMask = 2147483647;
			files = (
				ACE1DC15234C3867009C1058 /* ViewController.swift in Sources */,
				ACE1DC11234C3867009C1058 /* AppDelegate.swift in Sources */,
				ACE1DC13234C3867009C1058 /* SceneDelegate.swift in Sources */,
			);
			runOnlyForDeploymentPostprocessing = 0;
		};
/* End PBXSourcesBuildPhase section */

/* Begin PBXVariantGroup section */
		ACE1DC16234C3867009C1058 /* Main.storyboard */ = {
			isa = PBXVariantGroup;
			children = (
				ACE1DC17234C3867009C1058 /* Base */,
			);
			name = Main.storyboard;
			sourceTree = "<group>";
		};
		ACE1DC1B234C3869009C1058 /* LaunchScreen.storyboard */ = {
			isa = PBXVariantGroup;
			children = (
				ACE1DC1C234C3869009C1058 /* Base */,
			);
			name = LaunchScreen.storyboard;
			sourceTree = "<group>";
		};
/* End PBXVariantGroup section */

/* Begin XCBuildConfiguration section */
		ACE1DC1F234C3869009C1058 /* Debug */ = {
			isa = XCBuildConfiguration;
			buildSettings = {
				ALWAYS_SEARCH_USER_PATHS = NO;
				CLANG_ANALYZER_NONNULL = YES;
				CLANG_ANALYZER_NUMBER_OBJECT_CONVERSION = YES_AGGRESSIVE;
				CLANG_CXX_LANGUAGE_STANDARD = "gnu++14";
				CLANG_CXX_LIBRARY = "libc++";
				CLANG_ENABLE_MODULES = YES;
				CLANG_ENABLE_OBJC_ARC = YES;
				CLANG_ENABLE_OBJC_WEAK = YES;
				CLANG_WARN_BLOCK_CAPTURE_AUTORELEASING = YES;
				CLANG_WARN_BOOL_CONVERSION = YES;
				CLANG_WARN_COMMA = YES;
				CLANG_WARN_CONSTANT_CONVERSION = YES;
				CLANG_WARN_DEPRECATED_OBJC_IMPLEMENTATIONS = YES;
				CLANG_WARN_DIRECT_OBJC_ISA_USAGE = YES_ERROR;
				CLANG_WARN_DOCUMENTATION_COMMENTS = YES;
				CLANG_WARN_EMPTY_BODY = YES;
				CLANG_WARN_ENUM_CONVERSION = YES;
				CLANG_WARN_INFINITE_RECURSION = YES;
				CLANG_WARN_INT_CONVERSION = YES;
				CLANG_WARN_NON_LITERAL_NULL_CONVERSION = YES;
				CLANG_WARN_OBJC_IMPLICIT_RETAIN_SELF = YES;
				CLANG_WARN_OBJC_LITERAL_CONVERSION = YES;
				CLANG_WARN_OBJC_ROOT_CLASS = YES_ERROR;
				CLANG_WARN_RANGE_LOOP_ANALYSIS = YES;
				CLANG_WARN_STRICT_PROTOTYPES = YES;
				CLANG_WARN_SUSPICIOUS_MOVE = YES;
				CLANG_WARN_UNGUARDED_AVAILABILITY = YES_AGGRESSIVE;
				CLANG_WARN_UNREACHABLE_CODE = YES;
				CLANG_WARN__DUPLICATE_METHOD_MATCH = YES;
				COPY_PHASE_STRIP = NO;
				DEBUG_INFORMATION_FORMAT = dwarf;
				ENABLE_STRICT_OBJC_MSGSEND = YES;
				ENABLE_TESTABILITY = YES;
				GCC_C_LANGUAGE_STANDARD = gnu11;
				GCC_DYNAMIC_NO_PIC = NO;
				GCC_NO_COMMON_BLOCKS = YES;
				GCC_OPTIMIZATION_LEVEL = 0;
				GCC_PREPROCESSOR_DEFINITIONS = (
					"DEBUG=1",
					"$(inherited)",
				);
				GCC_WARN_64_TO_32_BIT_CONVERSION = YES;
				GCC_WARN_ABOUT_RETURN_TYPE = YES_ERROR;
				GCC_WARN_UNDECLARED_SELECTOR = YES;
				GCC_WARN_UNINITIALIZED_AUTOS = YES_AGGRESSIVE;
				GCC_WARN_UNUSED_FUNCTION = YES;
				GCC_WARN_UNUSED_VARIABLE = YES;
				IPHONEOS_DEPLOYMENT_TARGET = 13.0;
				MTL_ENABLE_DEBUG_INFO = INCLUDE_SOURCE;
				MTL_FAST_MATH = YES;
				ONLY_ACTIVE_ARCH = YES;
				SDKROOT = iphoneos;
				SWIFT_ACTIVE_COMPILATION_CONDITIONS = DEBUG;
				SWIFT_OPTIMIZATION_LEVEL = "-Onone";
			};
			name = Debug;
		};
		ACE1DC20234C3869009C1058 /* Release */ = {
			isa = XCBuildConfiguration;
			buildSettings = {
				ALWAYS_SEARCH_USER_PATHS = NO;
				CLANG_ANALYZER_NONNULL = YES;
				CLANG_ANALYZER_NUMBER_OBJECT_CONVERSION = YES_AGGRESSIVE;
				CLANG_CXX_LANGUAGE_STANDARD = "gnu++14";
				CLANG_CXX_LIBRARY = "libc++";
				CLANG_ENABLE_MODULES = YES;
				CLANG_ENABLE_OBJC_ARC = YES;
				CLANG_ENABLE_OBJC_WEAK = YES;
				CLANG_WARN_BLOCK_CAPTURE_AUTORELEASING = YES;
				CLANG_WARN_BOOL_CONVERSION = YES;
				CLANG_WARN_COMMA = YES;
				CLANG_WARN_CONSTANT_CONVERSION = YES;
				CLANG_WARN_DEPRECATED_OBJC_IMPLEMENTATIONS = YES;
				CLANG_WARN_DIRECT_OBJC_ISA_USAGE = YES_ERROR;
				CLANG_WARN_DOCUMENTATION_COMMENTS = YES;
				CLANG_WARN_EMPTY_BODY = YES;
				CLANG_WARN_ENUM_CONVERSION = YES;
				CLANG_WARN_INFINITE_RECURSION = YES;
				CLANG_WARN_INT_CONVERSION = YES;
				CLANG_WARN_NON_LITERAL_NULL_CONVERSION = YES;
				CLANG_WARN_OBJC_IMPLICIT_RETAIN_SELF = YES;
				CLANG_WARN_OBJC_LITERAL_CONVERSION = YES;
				CLANG_WARN_OBJC_ROOT_CLASS = YES_ERROR;
				CLANG_WARN_RANGE_LOOP_ANALYSIS = YES;
				CLANG_WARN_STRICT_PROTOTYPES = YES;
				CLANG_WARN_SUSPICIOUS_MOVE = YES;
				CLANG_WARN_UNGUARDED_AVAILABILITY = YES_AGGRESSIVE;
				CLANG_WARN_UNREACHABLE_CODE = YES;
				CLANG_WARN__DUPLICATE_METHOD_MATCH = YES;
				COPY_PHASE_STRIP = NO;
				DEBUG_INFORMATION_FORMAT = "dwarf-with-dsym";
				ENABLE_NS_ASSERTIONS = NO;
				ENABLE_STRICT_OBJC_MSGSEND = YES;
				GCC_C_LANGUAGE_STANDARD = gnu11;
				GCC_NO_COMMON_BLOCKS = YES;
				GCC_WARN_64_TO_32_BIT_CONVERSION = YES;
				GCC_WARN_ABOUT_RETURN_TYPE = YES_ERROR;
				GCC_WARN_UNDECLARED_SELECTOR = YES;
				GCC_WARN_UNINITIALIZED_AUTOS = YES_AGGRESSIVE;
				GCC_WARN_UNUSED_FUNCTION = YES;
				GCC_WARN_UNUSED_VARIABLE = YES;
				IPHONEOS_DEPLOYMENT_TARGET = 13.0;
				MTL_ENABLE_DEBUG_INFO = NO;
				MTL_FAST_MATH = YES;
				SDKROOT = iphoneos;
				SWIFT_COMPILATION_MODE = wholemodule;
				SWIFT_OPTIMIZATION_LEVEL = "-O";
				VALIDATE_PRODUCT = YES;
			};
			name = Release;
		};
		ACE1DC22234C3869009C1058 /* Debug */ = {
			isa = XCBuildConfiguration;
			buildSettings = {
				ASSETCATALOG_COMPILER_APPICON_NAME = AppIcon;
				CODE_SIGN_STYLE = Automatic;
				DEVELOPMENT_TEAM = EQNJ9FG9YA;
				INFOPLIST_FILE = "Mao View App/Info.plist";
				LD_RUNPATH_SEARCH_PATHS = (
					"$(inherited)",
					"@executable_path/Frameworks",
				);
				PRODUCT_BUNDLE_IDENTIFIER = "com.digitalmirko.Mao-View-App";
				PRODUCT_NAME = "Map View App";
				SWIFT_VERSION = 5.0;
				TARGETED_DEVICE_FAMILY = "1,2";
			};
			name = Debug;
		};
		ACE1DC23234C3869009C1058 /* Release */ = {
			isa = XCBuildConfiguration;
			buildSettings = {
				ASSETCATALOG_COMPILER_APPICON_NAME = AppIcon;
				CODE_SIGN_STYLE = Automatic;
				DEVELOPMENT_TEAM = EQNJ9FG9YA;
				INFOPLIST_FILE = "Mao View App/Info.plist";
				LD_RUNPATH_SEARCH_PATHS = (
					"$(inherited)",
					"@executable_path/Frameworks",
				);
				PRODUCT_BUNDLE_IDENTIFIER = "com.digitalmirko.Mao-View-App";
				PRODUCT_NAME = "Map View App";
				SWIFT_VERSION = 5.0;
				TARGETED_DEVICE_FAMILY = "1,2";
			};
			name = Release;
		};
/* End XCBuildConfiguration section */

/* Begin XCConfigurationList section */
		ACE1DC08234C3867009C1058 /* Build configuration list for PBXProject "Mao View App" */ = {
			isa = XCConfigurationList;
			buildConfigurations = (
				ACE1DC1F234C3869009C1058 /* Debug */,
				ACE1DC20234C3869009C1058 /* Release */,
			);
			defaultConfigurationIsVisible = 0;
			defaultConfigurationName = Release;
		};
		ACE1DC21234C3869009C1058 /* Build configuration list for PBXNativeTarget "Mao View App" */ = {
			isa = XCConfigurationList;
			buildConfigurations = (
				ACE1DC22234C3869009C1058 /* Debug */,
				ACE1DC23234C3869009C1058 /* Release */,
			);
			defaultConfigurationIsVisible = 0;
			defaultConfigurationName = Release;
		};
/* End XCConfigurationList section */
	};
	rootObject = ACE1DC05234C3867009C1058 /* Project object */;
}
